<?xml version="1.0" encoding="utf-8"?>
<Project ToolsVersion="4.0" xmlns="http://schemas.microsoft.com/developer/msbuild/2003">
  <ItemGroup>
    <Filter Include="Source Files">
      <UniqueIdentifier>{4FC737F1-C7A5-4376-A066-2A32D752A2FF}</UniqueIdentifier>
      <Extensions>cpp;c;cxx;def;odl;idl;hpj;bat;asm;asmx</Extensions>
    </Filter>
    <Filter Include="Header Files">
      <UniqueIdentifier>{93995380-89BD-4b04-88EB-625FBE52EBFB}</UniqueIdentifier>
      <Extensions>h;hpp;hxx;hm;inl;inc;xsd</Extensions>
    </Filter>
    <Filter Include="Test Files">
      <UniqueIdentifier>{7dc6ab9c-a5eb-40cc-8db8-ff57503436fd}</UniqueIdentifier>
    </Filter>
    <Filter Include="Source Files\Math">
      <UniqueIdentifier>{a4a6bc93-8fea-41c6-9ea6-e50de3141b22}</UniqueIdentifier>
    </Filter>
    <Filter Include="Header Files\Math">
      <UniqueIdentifier>{7da84219-d042-406c-8cbc-40cae4d1be61}</UniqueIdentifier>
    </Filter>
  </ItemGroup>
  <ItemGroup>
    <ClCompile Include="bit_algo.cpp">
      <Filter>Source Files</Filter>
    </ClCompile>
    <ClCompile Include="extent.cpp">
      <Filter>Source Files</Filter>
    </ClCompile>
    <ClCompile Include="performance_testing.cpp">
      <Filter>Source Files</Filter>
    </ClCompile>
    <ClCompile Include="sprintf.cpp">
      <Filter>Source Files</Filter>
    </ClCompile>
    <ClCompile Include="stopwatch.cpp">
      <Filter>Source Files</Filter>
    </ClCompile>
    <ClCompile Include="bit_algo_test.cpp">
      <Filter>Test Files</Filter>
    </ClCompile>
    <ClCompile Include="compile_test.cpp">
      <Filter>Test Files</Filter>
    </ClCompile>
    <ClCompile Include="sse_test.cpp">
      <Filter>Test Files</Filter>
    </ClCompile>
    <ClCompile Include="tiny_algo_test.cpp">
      <Filter>Test Files</Filter>
    </ClCompile>
    <ClCompile Include="math\matrix.cpp">
      <Filter>Source Files\Math</Filter>
    </ClCompile>
    <ClCompile Include="math\asin.cpp">
      <Filter>Source Files\Math</Filter>
    </ClCompile>
    <ClCompile Include="math\sinh.cpp">
      <Filter>Source Files\Math</Filter>
    </ClCompile>
    <ClCompile Include="math\cosh.cpp">
      <Filter>Source Files\Math</Filter>
    </ClCompile>
    <ClCompile Include="math\sincos.cpp">
      <Filter>Source Files\Math</Filter>
    </ClCompile>
    <ClCompile Include="math\exp.cpp">
      <Filter>Source Files\Math</Filter>
    </ClCompile>
    <ClCompile Include="math\ieee754.cpp">
      <Filter>Source Files\Math</Filter>
    </ClCompile>
    <ClCompile Include="math\log.cpp">
      <Filter>Source Files\Math</Filter>
    </ClCompile>
    <ClCompile Include="math\tanh.cpp">
      <Filter>Source Files\Math</Filter>
    </ClCompile>
    <ClCompile Include="math\asinh.cpp">
      <Filter>Source Files\Math</Filter>
    </ClCompile>
    <ClCompile Include="math\atan.cpp">
      <Filter>Source Files\Math</Filter>
    </ClCompile>
    <ClCompile Include="math\tan.cpp">
      <Filter>Source Files\Math</Filter>
    </ClCompile>
    <ClCompile Include="math\atanh.cpp">
      <Filter>Source Files\Math</Filter>
    </ClCompile>
    <ClCompile Include="math\pow.cpp">
      <Filter>Source Files\Math</Filter>
    </ClCompile>
    <ClCompile Include="acosh.cpp">
      <Filter>Source Files\Math</Filter>
    </ClCompile>
    <ClCompile Include="ieee754_float_convert.cpp">
      <Filter>Source Files</Filter>
    </ClCompile>
    <ClCompile Include="math\gamma.cpp">
      <Filter>Source Files\Math</Filter>
    </ClCompile>
    <ClCompile Include="raii.cpp">
      <Filter>Test Files</Filter>
    </ClCompile>
    <ClCompile Include="ellpk.cpp">
      <Filter>Source Files\Math</Filter>
    </ClCompile>
    <ClCompile Include="ellpe.cpp">
      <Filter>Source Files\Math</Filter>
    </ClCompile>
    <ClCompile Include="ellik.cpp">
      <Filter>Source Files\Math</Filter>
    </ClCompile>
    <ClCompile Include="ellie.cpp">
      <Filter>Source Files\Math</Filter>
    </ClCompile>
    <ClCompile Include="ellpj.cpp">
      <Filter>Source Files\Math</Filter>
    </ClCompile>
    <ClCompile Include="math\i0.cpp">
      <Filter>Source Files\Math</Filter>
    </ClCompile>
    <ClCompile Include="math\i1.cpp">
      <Filter>Source Files\Math</Filter>
    </ClCompile>
    <ClCompile Include="j0_y0.cpp">
      <Filter>Source Files\Math</Filter>
    </ClCompile>
    <ClCompile Include="zeta.cpp">
      <Filter>Source Files\Math</Filter>
    </ClCompile>
    <ClCompile Include="zetac.cpp">
      <Filter>Source Files\Math</Filter>
    </ClCompile>
    <ClCompile Include="ndtri.cpp">
      <Filter>Source Files\Math</Filter>
    </ClCompile>
    <ClCompile Include="bdtr.cpp">
      <Filter>Source Files\Math</Filter>
    </ClCompile>
    <ClCompile Include="chdtr.cpp">
      <Filter>Source Files\Math</Filter>
    </ClCompile>
    <ClCompile Include="yv.cpp">
      <Filter>Source Files\Math</Filter>
    </ClCompile>
    <ClCompile Include="pdtr.cpp">
      <Filter>Source Files\Math</Filter>
    </ClCompile>
    <ClCompile Include="nbdtr.cpp">
      <Filter>Source Files\Math</Filter>
    </ClCompile>
    <ClCompile Include="fac.cpp">
      <Filter>Source Files\Math</Filter>
    </ClCompile>
    <ClCompile Include="k1.cpp">
      <Filter>Source Files\Math</Filter>
    </ClCompile>
    <ClCompile Include="k0.cpp">
      <Filter>Source Files\Math</Filter>
    </ClCompile>
    <ClCompile Include="fdtr.cpp">
      <Filter>Source Files\Math</Filter>
    </ClCompile>
    <ClCompile Include="gdtr.cpp">
      <Filter>Source Files\Math</Filter>
    </ClCompile>
    <ClCompile Include="erf.cpp">
      <Filter>Source Files\Math</Filter>
    </ClCompile>
    <ClCompile Include="ndtr.cpp">
      <Filter>Source Files\Math</Filter>
    </ClCompile>
    <ClCompile Include="fresnl.cpp">
      <Filter>Source Files\Math</Filter>
    </ClCompile>
    <ClCompile Include="math\roots.cpp">
      <Filter>Source Files\Math</Filter>
    </ClCompile>
    <ClCompile Include="j1_y1.cpp">
      <Filter>Source Files\Math</Filter>
    </ClCompile>
    <ClCompile Include="igam.cpp">
      <Filter>Source Files\Math</Filter>
    </ClCompile>
    <ClCompile Include="igami.cpp">
      <Filter>Source Files\Math</Filter>
    </ClCompile>
    <ClCompile Include="rgamma.cpp">
      <Filter>Source Files\Math</Filter>
    </ClCompile>
    <ClCompile Include="sici.cpp">
      <Filter>Source Files\Math</Filter>
    </ClCompile>
    <ClCompile Include="dawsn.cpp">
      <Filter>Source Files\Math</Filter>
    </ClCompile>
    <ClCompile Include="coordinate_conv.cpp">
      <Filter>Source Files\Math</Filter>
    </ClCompile>
    <ClCompile Include="expn.cpp">
      <Filter>Source Files\Math</Filter>
    </ClCompile>
    <ClCompile Include="sort.cpp">
      <Filter>Source Files\Math</Filter>
    </ClCompile>
  </ItemGroup>
  <ItemGroup>
    <ClInclude Include="accumulator.h">
      <Filter>Header Files</Filter>
    </ClInclude>
    <ClInclude Include="algobase.h">
      <Filter>Header Files</Filter>
    </ClInclude>
    <ClInclude Include="algorithm.h">
      <Filter>Header Files</Filter>
    </ClInclude>
    <ClInclude Include="bit_algo.h">
      <Filter>Header Files</Filter>
    </ClInclude>
    <ClInclude Include="const_array.h">
      <Filter>Header Files</Filter>
    </ClInclude>
    <ClInclude Include="extent.h">
      <Filter>Header Files</Filter>
    </ClInclude>
    <ClInclude Include="iterator.h">
      <Filter>Header Files</Filter>
    </ClInclude>
    <ClInclude Include="performance_testing.h">
      <Filter>Header Files</Filter>
    </ClInclude>
    <ClInclude Include="sprintf.h">
      <Filter>Header Files</Filter>
    </ClInclude>
    <ClInclude Include="sse.h">
      <Filter>Header Files</Filter>
    </ClInclude>
    <ClInclude Include="stopwatch.h">
      <Filter>Header Files</Filter>
    </ClInclude>
    <ClInclude Include="tiny_algo.h">
      <Filter>Header Files</Filter>
    </ClInclude>
    <ClInclude Include="tiny_algo_orig.h">
      <Filter>Header Files</Filter>
    </ClInclude>
    <ClInclude Include="math.h">
      <Filter>Header Files\Math</Filter>
    </ClInclude>
    <ClInclude Include="math\constants.h">
      <Filter>Header Files\Math</Filter>
    </ClInclude>
    <ClInclude Include="float4v.h">
      <Filter>Header Files</Filter>
    </ClInclude>
    <ClInclude Include="int4v.h">
      <Filter>Header Files</Filter>
    </ClInclude>
    <ClInclude Include="mask4v.h">
      <Filter>Header Files</Filter>
    </ClInclude>
    <ClInclude Include="sse_internal.h">
      <Filter>Header Files</Filter>
    </ClInclude>
    <ClInclude Include="double2v.h">
      <Filter>Header Files</Filter>
    </ClInclude>
    <ClInclude Include="mask2v.h">
      <Filter>Header Files</Filter>
    </ClInclude>
    <ClInclude Include="float8v.h">
      <Filter>Header Files</Filter>
    </ClInclude>
    <ClInclude Include="sse_template.h">
      <Filter>Header Files</Filter>
    </ClInclude>
  </ItemGroup>
  <ItemGroup>
    <None Include="ClassDiagram1.cd" />
  </ItemGroup>
</Project>